// !$*UTF8*$!
{
	archiveVersion = 1;
	classes = {
	};
	objectVersion = 50;
	objects = {

/* Begin PBXBuildFile section */
		84CEF456244D129400E4FE35 /* AppDelegate.swift in Sources */ = {isa = PBXBuildFile; fileRef = 84CEF455244D129400E4FE35 /* AppDelegate.swift */; };
		84CEF458244D129400E4FE35 /* SceneDelegate.swift in Sources */ = {isa = PBXBuildFile; fileRef = 84CEF457244D129400E4FE35 /* SceneDelegate.swift */; };
		84CEF45A244D129400E4FE35 /* ContentView.swift in Sources */ = {isa = PBXBuildFile; fileRef = 84CEF459244D129400E4FE35 /* ContentView.swift */; };
		84CEF45C244D129B00E4FE35 /* Assets.xcassets in Resources */ = {isa = PBXBuildFile; fileRef = 84CEF45B244D129B00E4FE35 /* Assets.xcassets */; };
		84CEF45F244D129B00E4FE35 /* Preview Assets.xcassets in Resources */ = {isa = PBXBuildFile; fileRef = 84CEF45E244D129B00E4FE35 /* Preview Assets.xcassets */; };
		84CEF462244D129B00E4FE35 /* LaunchScreen.storyboard in Resources */ = {isa = PBXBuildFile; fileRef = 84CEF460244D129B00E4FE35 /* LaunchScreen.storyboard */; };
		84CEF46D244D129C00E4FE35 /* ScorekeeperTests.swift in Sources */ = {isa = PBXBuildFile; fileRef = 84CEF46C244D129C00E4FE35 /* ScorekeeperTests.swift */; };
/* End PBXBuildFile section */

/* Begin PBXContainerItemProxy section */
		84CEF469244D129C00E4FE35 /* PBXContainerItemProxy */ = {
			isa = PBXContainerItemProxy;
			containerPortal = 84CEF44A244D129400E4FE35 /* Project object */;
			proxyType = 1;
			remoteGlobalIDString = 84CEF451244D129400E4FE35;
			remoteInfo = Scorekeeper;
		};
/* End PBXContainerItemProxy section */

/* Begin PBXFileReference section */
		84CEF452244D129400E4FE35 /* Scorekeeper.app */ = {isa = PBXFileReference; explicitFileType = wrapper.application; includeInIndex = 0; path = Scorekeeper.app; sourceTree = BUILT_PRODUCTS_DIR; };
		84CEF455244D129400E4FE35 /* AppDelegate.swift */ = {isa = PBXFileReference; lastKnownFileType = sourcecode.swift; path = AppDelegate.swift; sourceTree = "<group>"; };
		84CEF457244D129400E4FE35 /* SceneDelegate.swift */ = {isa = PBXFileReference; lastKnownFileType = sourcecode.swift; path = SceneDelegate.swift; sourceTree = "<group>"; };
		84CEF459244D129400E4FE35 /* ContentView.swift */ = {isa = PBXFileReference; lastKnownFileType = sourcecode.swift; path = ContentView.swift; sourceTree = "<group>"; };
		84CEF45B244D129B00E4FE35 /* Assets.xcassets */ = {isa = PBXFileReference; lastKnownFileType = folder.assetcatalog; path = Assets.xcassets; sourceTree = "<group>"; };
		84CEF45E244D129B00E4FE35 /* Preview Assets.xcassets */ = {isa = PBXFileReference; lastKnownFileType = folder.assetcatalog; path = "Preview Assets.xcassets"; sourceTree = "<group>"; };
		84CEF461244D129B00E4FE35 /* Base */ = {isa = PBXFileReference; lastKnownFileType = file.storyboard; name = Base; path = Base.lproj/LaunchScreen.storyboard; sourceTree = "<group>"; };
		84CEF463244D129B00E4FE35 /* Info.plist */ = {isa = PBXFileReference; lastKnownFileType = text.plist.xml; path = Info.plist; sourceTree = "<group>"; };
		84CEF468244D129C00E4FE35 /* ScorekeeperTests.xctest */ = {isa = PBXFileReference; explicitFileType = wrapper.cfbundle; includeInIndex = 0; path = ScorekeeperTests.xctest; sourceTree = BUILT_PRODUCTS_DIR; };
		84CEF46C244D129C00E4FE35 /* ScorekeeperTests.swift */ = {isa = PBXFileReference; lastKnownFileType = sourcecode.swift; path = ScorekeeperTests.swift; sourceTree = "<group>"; };
		84CEF46E244D129C00E4FE35 /* Info.plist */ = {isa = PBXFileReference; lastKnownFileType = text.plist.xml; path = Info.plist; sourceTree = "<group>"; };
/* End PBXFileReference section */

/* Begin PBXFrameworksBuildPhase section */
		84CEF44F244D129400E4FE35 /* Frameworks */ = {
			isa = PBXFrameworksBuildPhase;
			buildActionMask = 2147483647;
			files = (
			);
			runOnlyForDeploymentPostprocessing = 0;
		};
		84CEF465244D129C00E4FE35 /* Frameworks */ = {
			isa = PBXFrameworksBuildPhase;
			buildActionMask = 2147483647;
			files = (
			);
			runOnlyForDeploymentPostprocessing = 0;
		};
/* End PBXFrameworksBuildPhase section */

/* Begin PBXGroup section */
		84CEF449244D129400E4FE35 = {
			isa = PBXGroup;
			children = (
				84CEF454244D129400E4FE35 /* Scorekeeper */,
				84CEF46B244D129C00E4FE35 /* ScorekeeperTests */,
				84CEF453244D129400E4FE35 /* Products */,
			);
			sourceTree = "<group>";
		};
		84CEF453244D129400E4FE35 /* Products */ = {
			isa = PBXGroup;
			children = (
				84CEF452244D129400E4FE35 /* Scorekeeper.app */,
				84CEF468244D129C00E4FE35 /* ScorekeeperTests.xctest */,
			);
			name = Products;
			sourceTree = "<group>";
		};
		84CEF454244D129400E4FE35 /* Scorekeeper */ = {
			isa = PBXGroup;
			children = (
				84CEF455244D129400E4FE35 /* AppDelegate.swift */,
				84CEF457244D129400E4FE35 /* SceneDelegate.swift */,
				84CEF459244D129400E4FE35 /* ContentView.swift */,
				84CEF45B244D129B00E4FE35 /* Assets.xcassets */,
				84CEF460244D129B00E4FE35 /* LaunchScreen.storyboard */,
				84CEF463244D129B00E4FE35 /* Info.plist */,
				84CEF45D244D129B00E4FE35 /* Preview Content */,
			);
			path = Scorekeeper;
			sourceTree = "<group>";
		};
		84CEF45D244D129B00E4FE35 /* Preview Content */ = {
			isa = PBXGroup;
			children = (
				84CEF45E244D129B00E4FE35 /* Preview Assets.xcassets */,
			);
			path = "Preview Content";
			sourceTree = "<group>";
		};
		84CEF46B244D129C00E4FE35 /* ScorekeeperTests */ = {
			isa = PBXGroup;
			children = (
				84CEF46C244D129C00E4FE35 /* ScorekeeperTests.swift */,
				84CEF46E244D129C00E4FE35 /* Info.plist */,
			);
			path = ScorekeeperTests;
			sourceTree = "<group>";
		};
/* End PBXGroup section */

/* Begin PBXNativeTarget section */
		84CEF451244D129400E4FE35 /* Scorekeeper */ = {
			isa = PBXNativeTarget;
			buildConfigurationList = 84CEF471244D129C00E4FE35 /* Build configuration list for PBXNativeTarget "Scorekeeper" */;
			buildPhases = (
				84CEF44E244D129400E4FE35 /* Sources */,
				84CEF44F244D129400E4FE35 /* Frameworks */,
				84CEF450244D129400E4FE35 /* Resources */,
			);
			buildRules = (
			);
			dependencies = (
			);
			name = Scorekeeper;
			productName = Scorekeeper;
			productReference = 84CEF452244D129400E4FE35 /* Scorekeeper.app */;
			productType = "com.apple.product-type.application";
		};
		84CEF467244D129C00E4FE35 /* ScorekeeperTests */ = {
			isa = PBXNativeTarget;
			buildConfigurationList = 84CEF474244D129C00E4FE35 /* Build configuration list for PBXNativeTarget "ScorekeeperTests" */;
			buildPhases = (
				84CEF464244D129C00E4FE35 /* Sources */,
				84CEF465244D129C00E4FE35 /* Frameworks */,
				84CEF466244D129C00E4FE35 /* Resources */,
			);
			buildRules = (
			);
			dependencies = (
				84CEF46A244D129C00E4FE35 /* PBXTargetDependency */,
			);
			name = ScorekeeperTests;
			productName = ScorekeeperTests;
			productReference = 84CEF468244D129C00E4FE35 /* ScorekeeperTests.xctest */;
			productType = "com.apple.product-type.bundle.unit-test";
		};
/* End PBXNativeTarget section */

/* Begin PBXProject section */
		84CEF44A244D129400E4FE35 /* Project object */ = {
			isa = PBXProject;
			attributes = {
				LastSwiftUpdateCheck = 1140;
				LastUpgradeCheck = 1140;
				ORGANIZATIONNAME = "Evan Smith";
				TargetAttributes = {
					84CEF451244D129400E4FE35 = {
						CreatedOnToolsVersion = 11.4.1;
					};
					84CEF467244D129C00E4FE35 = {
						CreatedOnToolsVersion = 11.4.1;
						TestTargetID = 84CEF451244D129400E4FE35;
					};
				};
			};
			buildConfigurationList = 84CEF44D244D129400E4FE35 /* Build configuration list for PBXProject "Scorekeeper" */;
			compatibilityVersion = "Xcode 9.3";
			developmentRegion = en;
			hasScannedForEncodings = 0;
			knownRegions = (
				en,
				Base,
			);
			mainGroup = 84CEF449244D129400E4FE35;
			productRefGroup = 84CEF453244D129400E4FE35 /* Products */;
			projectDirPath = "";
			projectRoot = "";
			targets = (
				84CEF451244D129400E4FE35 /* Scorekeeper */,
				84CEF467244D129C00E4FE35 /* ScorekeeperTests */,
			);
		};
/* End PBXProject section */

/* Begin PBXResourcesBuildPhase section */
		84CEF450244D129400E4FE35 /* Resources */ = {
			isa = PBXResourcesBuildPhase;
			buildActionMask = 2147483647;
			files = (
				84CEF462244D129B00E4FE35 /* LaunchScreen.storyboard in Resources */,
				84CEF45F244D129B00E4FE35 /* Preview Assets.xcassets in Resources */,
				84CEF45C244D129B00E4FE35 /* Assets.xcassets in Resources */,
			);
			runOnlyForDeploymentPostprocessing = 0;
		};
		84CEF466244D129C00E4FE35 /* Resources */ = {
			isa = PBXResourcesBuildPhase;
			buildActionMask = 2147483647;
			files = (
			);
			runOnlyForDeploymentPostprocessing = 0;
		};
/* End PBXResourcesBuildPhase section */

/* Begin PBXSourcesBuildPhase section */
		84CEF44E244D129400E4FE35 /* Sources */ = {
			isa = PBXSourcesBuildPhase;
			buildActionMask = 2147483647;
			files = (
				84CEF456244D129400E4FE35 /* AppDelegate.swift in Sources */,
				84CEF458244D129400E4FE35 /* SceneDelegate.swift in Sources */,
				84CEF45A244D129400E4FE35 /* ContentView.swift in Sources */,
			);
			runOnlyForDeploymentPostprocessing = 0;
		};
		84CEF464244D129C00E4FE35 /* Sources */ = {
			isa = PBXSourcesBuildPhase;
			buildActionMask = 2147483647;
			files = (
				84CEF46D244D129C00E4FE35 /* ScorekeeperTests.swift in Sources */,
			);
			runOnlyForDeploymentPostprocessing = 0;
		};
/* End PBXSourcesBuildPhase section */

/* Begin PBXTargetDependency section */
		84CEF46A244D129C00E4FE35 /* PBXTargetDependency */ = {
			isa = PBXTargetDependency;
			target = 84CEF451244D129400E4FE35 /* Scorekeeper */;
			targetProxy = 84CEF469244D129C00E4FE35 /* PBXContainerItemProxy */;
		};
/* End PBXTargetDependency section */

/* Begin PBXVariantGroup section */
		84CEF460244D129B00E4FE35 /* LaunchScreen.storyboard */ = {
			isa = PBXVariantGroup;
			children = (
				84CEF461244D129B00E4FE35 /* Base */,
			);
			name = LaunchScreen.storyboard;
			sourceTree = "<group>";
		};
/* End PBXVariantGroup section */

/* Begin XCBuildConfiguration section */
		84CEF46F244D129C00E4FE35 /* Debug */ = {
			isa = XCBuildConfiguration;
			buildSettings = {
				ALWAYS_SEARCH_USER_PATHS = NO;
				CLANG_ANALYZER_NONNULL = YES;
				CLANG_ANALYZER_NUMBER_OBJECT_CONVERSION = YES_AGGRESSIVE;
				CLANG_CXX_LANGUAGE_STANDARD = "gnu++14";
				CLANG_CXX_LIBRARY = "libc++";
				CLANG_ENABLE_MODULES = YES;
				CLANG_ENABLE_OBJC_ARC = YES;
				CLANG_ENABLE_OBJC_WEAK = YES;
				CLANG_WARN_BLOCK_CAPTURE_AUTORELEASING = YES;
				CLANG_WARN_BOOL_CONVERSION = YES;
				CLANG_WARN_COMMA = YES;
				CLANG_WARN_CONSTANT_CONVERSION = YES;
				CLANG_WARN_DEPRECATED_OBJC_IMPLEMENTATIONS = YES;
				CLANG_WARN_DIRECT_OBJC_ISA_USAGE = YES_ERROR;
				CLANG_WARN_DOCUMENTATION_COMMENTS = YES;
				CLANG_WARN_EMPTY_BODY = YES;
				CLANG_WARN_ENUM_CONVERSION = YES;
				CLANG_WARN_INFINITE_RECURSION = YES;
				CLANG_WARN_INT_CONVERSION = YES;
				CLANG_WARN_NON_LITERAL_NULL_CONVERSION = YES;
				CLANG_WARN_OBJC_IMPLICIT_RETAIN_SELF = YES;
				CLANG_WARN_OBJC_LITERAL_CONVERSION = YES;
				CLANG_WARN_OBJC_ROOT_CLASS = YES_ERROR;
				CLANG_WARN_RANGE_LOOP_ANALYSIS = YES;
				CLANG_WARN_STRICT_PROTOTYPES = YES;
				CLANG_WARN_SUSPICIOUS_MOVE = YES;
				CLANG_WARN_UNGUARDED_AVAILABILITY = YES_AGGRESSIVE;
				CLANG_WARN_UNREACHABLE_CODE = YES;
				CLANG_WARN__DUPLICATE_METHOD_MATCH = YES;
				COPY_PHASE_STRIP = NO;
				DEBUG_INFORMATION_FORMAT = dwarf;
				ENABLE_STRICT_OBJC_MSGSEND = YES;
				ENABLE_TESTABILITY = YES;
				GCC_C_LANGUAGE_STANDARD = gnu11;
				GCC_DYNAMIC_NO_PIC = NO;
				GCC_NO_COMMON_BLOCKS = YES;
				GCC_OPTIMIZATION_LEVEL = 0;
				GCC_PREPROCESSOR_DEFINITIONS = (
					"DEBUG=1",
					"$(inherited)",
				);
				GCC_WARN_64_TO_32_BIT_CONVERSION = YES;
				GCC_WARN_ABOUT_RETURN_TYPE = YES_ERROR;
				GCC_WARN_UNDECLARED_SELECTOR = YES;
				GCC_WARN_UNINITIALIZED_AUTOS = YES_AGGRESSIVE;
				GCC_WARN_UNUSED_FUNCTION = YES;
				GCC_WARN_UNUSED_VARIABLE = YES;
				IPHONEOS_DEPLOYMENT_TARGET = 13.4;
				MTL_ENABLE_DEBUG_INFO = INCLUDE_SOURCE;
				MTL_FAST_MATH = YES;
				ONLY_ACTIVE_ARCH = YES;
				SDKROOT = iphoneos;
				SWIFT_ACTIVE_COMPILATION_CONDITIONS = DEBUG;
				SWIFT_OPTIMIZATION_LEVEL = "-Onone";
			};
			name = Debug;
		};
		84CEF470244D129C00E4FE35 /* Release */ = {
			isa = XCBuildConfiguration;
			buildSettings = {
				ALWAYS_SEARCH_USER_PATHS = NO;
				CLANG_ANALYZER_NONNULL = YES;
				CLANG_ANALYZER_NUMBER_OBJECT_CONVERSION = YES_AGGRESSIVE;
				CLANG_CXX_LANGUAGE_STANDARD = "gnu++14";
				CLANG_CXX_LIBRARY = "libc++";
				CLANG_ENABLE_MODULES = YES;
				CLANG_ENABLE_OBJC_ARC = YES;
				CLANG_ENABLE_OBJC_WEAK = YES;
				CLANG_WARN_BLOCK_CAPTURE_AUTORELEASING = YES;
				CLANG_WARN_BOOL_CONVERSION = YES;
				CLANG_WARN_COMMA = YES;
				CLANG_WARN_CONSTANT_CONVERSION = YES;
				CLANG_WARN_DEPRECATED_OBJC_IMPLEMENTATIONS = YES;
				CLANG_WARN_DIRECT_OBJC_ISA_USAGE = YES_ERROR;
				CLANG_WARN_DOCUMENTATION_COMMENTS = YES;
				CLANG_WARN_EMPTY_BODY = YES;
				CLANG_WARN_ENUM_CONVERSION = YES;
				CLANG_WARN_INFINITE_RECURSION = YES;
				CLANG_WARN_INT_CONVERSION = YES;
				CLANG_WARN_NON_LITERAL_NULL_CONVERSION = YES;
				CLANG_WARN_OBJC_IMPLICIT_RETAIN_SELF = YES;
				CLANG_WARN_OBJC_LITERAL_CONVERSION = YES;
				CLANG_WARN_OBJC_ROOT_CLASS = YES_ERROR;
				CLANG_WARN_RANGE_LOOP_ANALYSIS = YES;
				CLANG_WARN_STRICT_PROTOTYPES = YES;
				CLANG_WARN_SUSPICIOUS_MOVE = YES;
				CLANG_WARN_UNGUARDED_AVAILABILITY = YES_AGGRESSIVE;
				CLANG_WARN_UNREACHABLE_CODE = YES;
				CLANG_WARN__DUPLICATE_METHOD_MATCH = YES;
				COPY_PHASE_STRIP = NO;
				DEBUG_INFORMATION_FORMAT = "dwarf-with-dsym";
				ENABLE_NS_ASSERTIONS = NO;
				ENABLE_STRICT_OBJC_MSGSEND = YES;
				GCC_C_LANGUAGE_STANDARD = gnu11;
				GCC_NO_COMMON_BLOCKS = YES;
				GCC_WARN_64_TO_32_BIT_CONVERSION = YES;
				GCC_WARN_ABOUT_RETURN_TYPE = YES_ERROR;
				GCC_WARN_UNDECLARED_SELECTOR = YES;
				GCC_WARN_UNINITIALIZED_AUTOS = YES_AGGRESSIVE;
				GCC_WARN_UNUSED_FUNCTION = YES;
				GCC_WARN_UNUSED_VARIABLE = YES;
				IPHONEOS_DEPLOYMENT_TARGET = 13.4;
				MTL_ENABLE_DEBUG_INFO = NO;
				MTL_FAST_MATH = YES;
				SDKROOT = iphoneos;
				SWIFT_COMPILATION_MODE = wholemodule;
				SWIFT_OPTIMIZATION_LEVEL = "-O";
				VALIDATE_PRODUCT = YES;
			};
			name = Release;
		};
		84CEF472244D129C00E4FE35 /* Debug */ = {
			isa = XCBuildConfiguration;
			buildSettings = {
				ASSETCATALOG_COMPILER_APPICON_NAME = AppIcon;
				CODE_SIGN_STYLE = Automatic;
				DEVELOPMENT_ASSET_PATHS = "\"Scorekeeper/Preview Content\"";
				DEVELOPMENT_TEAM = 34N73DB6BD;
				ENABLE_PREVIEWS = YES;
				INFOPLIST_FILE = Scorekeeper/Info.plist;
				LD_RUNPATH_SEARCH_PATHS = (
					"$(inherited)",
					"@executable_path/Frameworks",
				);
				PRODUCT_BUNDLE_IDENTIFIER = com.evanphilipsmith.Scorekeeper;
				PRODUCT_NAME = "$(TARGET_NAME)";
				SWIFT_VERSION = 5.0;
				TARGETED_DEVICE_FAMILY = "1,2";
			};
			name = Debug;
		};
		84CEF473244D129C00E4FE35 /* Release */ = {
			isa = XCBuildConfiguration;
			buildSettings = {
				ASSETCATALOG_COMPILER_APPICON_NAME = AppIcon;
				CODE_SIGN_STYLE = Automatic;
				DEVELOPMENT_ASSET_PATHS = "\"Scorekeeper/Preview Content\"";
				DEVELOPMENT_TEAM = 34N73DB6BD;
				ENABLE_PREVIEWS = YES;
				INFOPLIST_FILE = Scorekeeper/Info.plist;
				LD_RUNPATH_SEARCH_PATHS = (
					"$(inherited)",
					"@executable_path/Frameworks",
				);
				PRODUCT_BUNDLE_IDENTIFIER = com.evanphilipsmith.Scorekeeper;
				PRODUCT_NAME = "$(TARGET_NAME)";
				SWIFT_VERSION = 5.0;
				TARGETED_DEVICE_FAMILY = "1,2";
			};
			name = Release;
		};
		84CEF475244D129C00E4FE35 /* Debug */ = {
			isa = XCBuildConfiguration;
			buildSettings = {
				ALWAYS_EMBED_SWIFT_STANDARD_LIBRARIES = YES;
				BUNDLE_LOADER = "$(TEST_HOST)";
				CODE_SIGN_STYLE = Automatic;
				DEVELOPMENT_TEAM = 34N73DB6BD;
				INFOPLIST_FILE = ScorekeeperTests/Info.plist;
				IPHONEOS_DEPLOYMENT_TARGET = 13.4;
				LD_RUNPATH_SEARCH_PATHS = (
					"$(inherited)",
					"@executable_path/Frameworks",
					"@loader_path/Frameworks",
				);
				PRODUCT_BUNDLE_IDENTIFIER = com.evanphilipsmith.ScorekeeperTests;
				PRODUCT_NAME = "$(TARGET_NAME)";
				SWIFT_VERSION = 5.0;
				TARGETED_DEVICE_FAMILY = "1,2";
				TEST_HOST = "$(BUILT_PRODUCTS_DIR)/Scorekeeper.app/Scorekeeper";
			};
			name = Debug;
		};
		84CEF476244D129C00E4FE35 /* Release */ = {
			isa = XCBuildConfiguration;
			buildSettings = {
				ALWAYS_EMBED_SWIFT_STANDARD_LIBRARIES = YES;
				BUNDLE_LOADER = "$(TEST_HOST)";
				CODE_SIGN_STYLE = Automatic;
				DEVELOPMENT_TEAM = 34N73DB6BD;
				INFOPLIST_FILE = ScorekeeperTests/Info.plist;
				IPHONEOS_DEPLOYMENT_TARGET = 13.4;
				LD_RUNPATH_SEARCH_PATHS = (
					"$(inherited)",
					"@executable_path/Frameworks",
					"@loader_path/Frameworks",
				);
				PRODUCT_BUNDLE_IDENTIFIER = com.evanphilipsmith.ScorekeeperTests;
				PRODUCT_NAME = "$(TARGET_NAME)";
				SWIFT_VERSION = 5.0;
				TARGETED_DEVICE_FAMILY = "1,2";
				TEST_HOST = "$(BUILT_PRODUCTS_DIR)/Scorekeeper.app/Scorekeeper";
			};
			name = Release;
		};
/* End XCBuildConfiguration section */

/* Begin XCConfigurationList section */
		84CEF44D244D129400E4FE35 /* Build configuration list for PBXProject "Scorekeeper" */ = {
			isa = XCConfigurationList;
			buildConfigurations = (
				84CEF46F244D129C00E4FE35 /* Debug */,
				84CEF470244D129C00E4FE35 /* Release */,
			);
			defaultConfigurationIsVisible = 0;
			defaultConfigurationName = Release;
		};
		84CEF471244D129C00E4FE35 /* Build configuration list for PBXNativeTarget "Scorekeeper" */ = {
			isa = XCConfigurationList;
			buildConfigurations = (
				84CEF472244D129C00E4FE35 /* Debug */,
				84CEF473244D129C00E4FE35 /* Release */,
			);
			defaultConfigurationIsVisible = 0;
			defaultConfigurationName = Release;
		};
		84CEF474244D129C00E4FE35 /* Build configuration list for PBXNativeTarget "ScorekeeperTests" */ = {
			isa = XCConfigurationList;
			buildConfigurations = (
				84CEF475244D129C00E4FE35 /* Debug */,
				84CEF476244D129C00E4FE35 /* Release */,
			);
			defaultConfigurationIsVisible = 0;
			defaultConfigurationName = Release;
		};
/* End XCConfigurationList section */
	};
	rootObject = 84CEF44A244D129400E4FE35 /* Project object */;
}
